
Microsoft Visual Studio Solution File, Format Version 12.00
# Visual Studio 2013
VisualStudioVersion = 12.0.30723.0
MinimumVisualStudioVersion = 10.0.40219.1
Project("{FAE04EC0-301F-11D3-BF4B-00C04F79EFBC}") = "ScreenCaptureApp", "ScreenCaptureApp\ScreenCaptureApp.csproj", "{9B83A357-301E-4535-A8FC-D65AD14B1E57}"
EndProject
Project("{FAE04EC0-301F-11D3-BF4B-00C04F79EFBC}") = "ScreenCaptureLib", "ScreenCaptureLib\ScreenCaptureLib.csproj", "{FAB8DDE0-D7E9-4F46-B9E8-1DC82E6368AE}"
EndProject
Global
	GlobalSection(SolutionConfigurationPlatforms) = preSolution
		Debug|Any CPU = Debug|Any CPU
		Release|Any CPU = Release|Any CPU
	EndGlobalSection
	GlobalSection(ProjectConfigurationPlatforms) = postSolution
		{9B83A357-301E-4535-A8FC-D65AD14B1E57}.Debug|Any CPU.ActiveCfg = Debug|Any CPU
		{9B83A357-301E-4535-A8FC-D65AD14B1E57}.Debug|Any CPU.Build.0 = Debug|Any CPU
		{9B83A357-301E-4535-A8FC-D65AD14B1E57}.Release|Any CPU.ActiveCfg = Release|Any CPU
		{9B83A357-301E-4535-A8FC-D65AD14B1E57}.Release|Any CPU.Build.0 = Release|Any CPU
		{FAB8DDE0-D7E9-4F46-B9E8-1DC82E6368AE}.Debug|Any CPU.ActiveCfg = Debug|Any CPU
		{FAB8DDE0-D7E9-4F46-B9E8-1DC82E6368AE}.Debug|Any CPU.Build.0 = Debug|Any CPU
		{FAB8DDE0-D7E9-4F46-B9E8-1DC82E6368AE}.Release|Any CPU.ActiveCfg = Release|Any CPU
		{FAB8DDE0-D7E9-4F46-B9E8-1DC82E6368AE}.Release|Any CPU.Build.0 = Release|Any CPU
	EndGlobalSection
	GlobalSection(SolutionProperties) = preSolution
		HideSolutionNode = FALSE
	EndGlobalSection
EndGlobal
